{
  "name": "@werhiz/rhiz-harness",
  "version": "0.0.1-kernel.0",
  "lockfileVersion": 3,
  "requires": true,
  "packages": {
    "": {
      "name": "@werhiz/rhiz-harness",
      "version": "0.0.1-kernel.0",
      "license": "Apache-2.0",
      "dependencies": {
        "zod": "4.4.3"
      },
      "bin": {
        "rhiz-harness-repository-work": "scripts/run-repository-work.mjs"
      },
      "devDependencies": {
        "@types/node": "26.2.0",
        "typescript": "6.0.3",
        "yaml": "2.9.1"
      },
      "engines": {
        "node": ">=20"
      },
      "peerDependencies": {
        "@deepseek-ai/cordis": "4.0.1",
        "@deepseek-ai/dsh-sdk-client": "0.1.0-rc.8",
        "@deepseek-ai/dsh-subagent": "0.1.0-rc.8",
        "@deepseek-ai/dsh-subagent-claude-code": "0.1.0-rc.8",
        "@deepseek-ai/dsh-subagent-codex": "0.1.0-rc.8",
        "@deepseek-ai/dsh-subprocess": "0.1.0-rc.8",
        "@deepseek-ai/dsh-subprocess-local": "0.1.0-rc.8"
      },
      "peerDependenciesMeta": {
        "@deepseek-ai/cordis": {
          "optional": true
        },
        "@deepseek-ai/dsh-sdk-client": {
          "optional": true
        },
        "@deepseek-ai/dsh-subagent": {
          "optional": true
        },
        "@deepseek-ai/dsh-subagent-claude-code": {
          "optional": true
        },
        "@deepseek-ai/dsh-subagent-codex": {
          "optional": true
        },
        "@deepseek-ai/dsh-subprocess": {
          "optional": true
        },
        "@deepseek-ai/dsh-subprocess-local": {
          "optional": true
        }
      }
    },
    "node_modules/@types/node": {
      "version": "26.2.0",
      "resolved": "https://registry.npmjs.org/@types/node/-/node-26.2.0.tgz",
      "integrity": "sha512-5IviulTZeRNp2vAJ514cc/HUlY5nZ9fCbq9DMyC52BrhFZACo3nI0R7qBxhQmo/d27NFe96ur/b7Wwxklda+kg==",
      "dev": true,
      "license": "MIT",
      "dependencies": {
        "undici-types": "~8.3.0"
      }
    },
    "node_modules/typescript": {
      "version": "6.0.3",
      "resolved": "https://registry.npmjs.org/typescript/-/typescript-6.0.3.tgz",
      "integrity": "sha512-y2TvuxSZPDyQakkFRPZHKFm+KKVqIisdg9/CZwm9ftvKXLP8NRWj38/ODjNbr43SsoXqNuAisEf1GdCxqWcdBw==",
      "dev": true,
      "license": "Apache-2.0",
      "bin": {
        "tsc": "bin/tsc",
        "tsserver": "bin/tsserver"
      },
      "engines": {
        "node": ">=14.17"
      }
    },
    "node_modules/undici-types": {
      "version": "8.3.0",
      "resolved": "https://registry.npmjs.org/undici-types/-/undici-types-8.3.0.tgz",
      "integrity": "sha512-j375ScV60dom+YkPFIfTLcOiPxkN/buHz5GobjLhixFuANaNs3C9l4GmrWqejgXWJ7BbJcFYpTEUkS1Ge8bpZQ==",
      "dev": true,
      "license": "MIT"
    },
    "node_modules/yaml": {
      "version": "2.9.1",
      "resolved": "https://registry.npmjs.org/yaml/-/yaml-2.9.1.tgz",
      "integrity": "sha512-3NxN8+78OdzbT7C/WjGsyfPAtJaN3FNDsWxv7Y7mcDsT/oOmgW8BpyQQFFBnvZE3j9Y2Sdz1ULFLezL7Eb2yFw==",
      "dev": true,
      "license": "ISC",
      "bin": {
        "yaml": "bin.mjs"
      },
      "engines": {
        "node": ">= 14.6"
      },
      "funding": {
        "url": "https://github.com/sponsors/eemeli"
      }
    },
    "node_modules/zod": {
      "version": "4.4.3",
      "resolved": "https://registry.npmjs.org/zod/-/zod-4.4.3.tgz",
      "integrity": "sha512-ytENFjIJFl2UwYglde2jchW2Hwm4GJFLDiSXWdTrJQBIN9Fcyp7n4DhxJEiWNAJMV1/BqWfW/kkg71UDcHJyTQ==",
      "license": "MIT"
    }
  }
}
